{
  "name": "devise-implementation",
  "requires": true,
  "lockfileVersion": 1,
  "dependencies": {
    "sweetalert2": {
      "version": "8.15.2",
      "resolved": "https://registry.npmjs.org/sweetalert2/-/sweetalert2-8.15.2.tgz",
      "integrity": "sha512-Dmc8Mu+HqHBbTeY2XcMI3WGiBJFwweYPIguIaOhE8cEKAef3FGmx/3Eq5IU/2kxGIAKAxFq1iEmyMfJeGkwAAg=="
    }
  }
}
